
Microsoft Visual Studio Solution File, Format Version 12.00
# Visual Studio Version 17
VisualStudioVersion = 17.7.34024.191
MinimumVisualStudioVersion = 10.0.40219.1
Project("{FAE04EC0-301F-11D3-BF4B-00C04F79EFBC}") = "LoginAssign-1", "LoginAssign-1\LoginAssign-1.csproj", "{D2B1C204-D748-48E7-B036-612B54CFD0A7}"
EndProject
Project("{FAE04EC0-301F-11D3-BF4B-00C04F79EFBC}") = "SpecLoginProject", "SpecLoginProject\SpecLoginProject.csproj", "{AF910AAE-4BF8-4B10-B1B4-85F712DEF36C}"
EndProject
Global
	GlobalSection(SolutionConfigurationPlatforms) = preSolution
		Debug|Any CPU = Debug|Any CPU
		Release|Any CPU = Release|Any CPU
	EndGlobalSection
	GlobalSection(ProjectConfigurationPlatforms) = postSolution
		{D2B1C204-D748-48E7-B036-612B54CFD0A7}.Debug|Any CPU.ActiveCfg = Debug|Any CPU
		{D2B1C204-D748-48E7-B036-612B54CFD0A7}.Debug|Any CPU.Build.0 = Debug|Any CPU
		{D2B1C204-D748-48E7-B036-612B54CFD0A7}.Release|Any CPU.ActiveCfg = Release|Any CPU
		{D2B1C204-D748-48E7-B036-612B54CFD0A7}.Release|Any CPU.Build.0 = Release|Any CPU
		{AF910AAE-4BF8-4B10-B1B4-85F712DEF36C}.Debug|Any CPU.ActiveCfg = Debug|Any CPU
		{AF910AAE-4BF8-4B10-B1B4-85F712DEF36C}.Debug|Any CPU.Build.0 = Debug|Any CPU
		{AF910AAE-4BF8-4B10-B1B4-85F712DEF36C}.Release|Any CPU.ActiveCfg = Release|Any CPU
		{AF910AAE-4BF8-4B10-B1B4-85F712DEF36C}.Release|Any CPU.Build.0 = Release|Any CPU
	EndGlobalSection
	GlobalSection(SolutionProperties) = preSolution
		HideSolutionNode = FALSE
	EndGlobalSection
	GlobalSection(ExtensibilityGlobals) = postSolution
		SolutionGuid = {3E1CEDB1-C661-4350-AC35-9254E92F422C}
	EndGlobalSection
EndGlobal
